
Microsoft Visual Studio Solution File, Format Version 12.00
# Visual Studio Version 16
VisualStudioVersion = 16.0.34301.259
MinimumVisualStudioVersion = 10.0.40219.1
Project("{FAE04EC0-301F-11D3-BF4B-00C04F79EFBC}") = "OrderVCFFiles", "OrderVCFFiles\OrderVCFFiles.csproj", "{287C0715-D341-41F6-862E-ABEC794FBC8D}"
EndProject
Global
	GlobalSection(SolutionConfigurationPlatforms) = preSolution
		Debug|Any CPU = Debug|Any CPU
		Release|Any CPU = Release|Any CPU
	EndGlobalSection
	GlobalSection(ProjectConfigurationPlatforms) = postSolution
		{287C0715-D341-41F6-862E-ABEC794FBC8D}.Debug|Any CPU.ActiveCfg = Debug|Any CPU
		{287C0715-D341-41F6-862E-ABEC794FBC8D}.Debug|Any CPU.Build.0 = Debug|Any CPU
		{287C0715-D341-41F6-862E-ABEC794FBC8D}.Release|Any CPU.ActiveCfg = Release|Any CPU
		{287C0715-D341-41F6-862E-ABEC794FBC8D}.Release|Any CPU.Build.0 = Release|Any CPU
	EndGlobalSection
	GlobalSection(SolutionProperties) = preSolution
		HideSolutionNode = FALSE
	EndGlobalSection
	GlobalSection(ExtensibilityGlobals) = postSolution
		SolutionGuid = {CF5A154C-4F10-4F53-B7D0-1993E810D4D1}
	EndGlobalSection
EndGlobal
